
Microsoft Visual Studio Solution File, Format Version 12.00
# Visual Studio Version 17
VisualStudioVersion = 17.7.34024.191
MinimumVisualStudioVersion = 10.0.40219.1
Project("{FAE04EC0-301F-11D3-BF4B-00C04F79EFBC}") = "StockAppWebAPI", "StockAppWebAPI\StockAppWebAPI.csproj", "{B37BB175-B762-4FB9-8741-8BA28F3E8AEE}"
EndProject
Global
	GlobalSection(SolutionConfigurationPlatforms) = preSolution
		Debug|Any CPU = Debug|Any CPU
		Release|Any CPU = Release|Any CPU
	EndGlobalSection
	GlobalSection(ProjectConfigurationPlatforms) = postSolution
		{B37BB175-B762-4FB9-8741-8BA28F3E8AEE}.Debug|Any CPU.ActiveCfg = Debug|Any CPU
		{B37BB175-B762-4FB9-8741-8BA28F3E8AEE}.Debug|Any CPU.Build.0 = Debug|Any CPU
		{B37BB175-B762-4FB9-8741-8BA28F3E8AEE}.Release|Any CPU.ActiveCfg = Release|Any CPU
		{B37BB175-B762-4FB9-8741-8BA28F3E8AEE}.Release|Any CPU.Build.0 = Release|Any CPU
	EndGlobalSection
	GlobalSection(SolutionProperties) = preSolution
		HideSolutionNode = FALSE
	EndGlobalSection
	GlobalSection(ExtensibilityGlobals) = postSolution
		SolutionGuid = {7A14FB4C-869E-456A-81B8-E1814F665E68}
	EndGlobalSection
EndGlobal
